
Microsoft Visual Studio Solution File, Format Version 12.00
# Visual Studio Version 16
VisualStudioVersion = 16.0.29609.76
MinimumVisualStudioVersion = 10.0.40219.1
Project("{FAE04EC0-301F-11D3-BF4B-00C04F79EFBC}") = "NoteCutMinimizer", "NoteCutMinimizer\NoteCutMinimizer.csproj", "{525BE9DC-73E5-41A1-A619-ED09C21C562A}"
EndProject
Global
	GlobalSection(SolutionConfigurationPlatforms) = preSolution
		Debug|Any CPU = Debug|Any CPU
		Release|Any CPU = Release|Any CPU
	EndGlobalSection
	GlobalSection(ProjectConfigurationPlatforms) = postSolution
		{525BE9DC-73E5-41A1-A619-ED09C21C562A}.Debug|Any CPU.ActiveCfg = Debug|Any CPU
		{525BE9DC-73E5-41A1-A619-ED09C21C562A}.Debug|Any CPU.Build.0 = Debug|Any CPU
		{525BE9DC-73E5-41A1-A619-ED09C21C562A}.Release|Any CPU.ActiveCfg = Release|Any CPU
		{525BE9DC-73E5-41A1-A619-ED09C21C562A}.Release|Any CPU.Build.0 = Release|Any CPU
	EndGlobalSection
	GlobalSection(SolutionProperties) = preSolution
		HideSolutionNode = FALSE
	EndGlobalSection
	GlobalSection(ExtensibilityGlobals) = postSolution
		SolutionGuid = {1220C033-B979-4076-AD67-E369A24A4323}
	EndGlobalSection
EndGlobal
